
Microsoft Visual Studio Solution File, Format Version 12.00
# Visual Studio Version 16
VisualStudioVersion = 16.0.29403.142
MinimumVisualStudioVersion = 10.0.40219.1
Project("{FAE04EC0-301F-11D3-BF4B-00C04F79EFBC}") = "Interceptor", "Interceptor.csproj", "{C451A00E-77F1-4F3F-B7EE-27DC712EA316}"
EndProject
Project("{FAE04EC0-301F-11D3-BF4B-00C04F79EFBC}") = "eye_tracking_mouse", "eye_tracking_mouse\eye_tracking_mouse.csproj", "{24FC1943-EF73-4827-B471-5F43E3E2E1E0}"
EndProject
Project("{FAE04EC0-301F-11D3-BF4B-00C04F79EFBC}") = "BlindConfigurationTester", "BlindConfigurationTester\BlindConfigurationTester.csproj", "{CF197621-369D-49BB-988D-45A23F8CCC3E}"
EndProject
Project("{FAE04EC0-301F-11D3-BF4B-00C04F79EFBC}") = "PerfTestRunner", "PerfTestRunner\PerfTestRunner.csproj", "{CF6042EA-A592-4005-8084-27A3E646D94C}"
EndProject
Global
	GlobalSection(SolutionConfigurationPlatforms) = preSolution
		Debug|x64 = Debug|x64
		Release|x64 = Release|x64
		Signed|x64 = Signed|x64
	EndGlobalSection
	GlobalSection(ProjectConfigurationPlatforms) = postSolution
		{C451A00E-77F1-4F3F-B7EE-27DC712EA316}.Debug|x64.ActiveCfg = Debug|x64
		{C451A00E-77F1-4F3F-B7EE-27DC712EA316}.Debug|x64.Build.0 = Debug|x64
		{C451A00E-77F1-4F3F-B7EE-27DC712EA316}.Release|x64.ActiveCfg = Release|x64
		{C451A00E-77F1-4F3F-B7EE-27DC712EA316}.Release|x64.Build.0 = Release|x64
		{C451A00E-77F1-4F3F-B7EE-27DC712EA316}.Signed|x64.ActiveCfg = Signed|x64
		{C451A00E-77F1-4F3F-B7EE-27DC712EA316}.Signed|x64.Build.0 = Signed|x64
		{24FC1943-EF73-4827-B471-5F43E3E2E1E0}.Debug|x64.ActiveCfg = Debug|x64
		{24FC1943-EF73-4827-B471-5F43E3E2E1E0}.Debug|x64.Build.0 = Debug|x64
		{24FC1943-EF73-4827-B471-5F43E3E2E1E0}.Release|x64.ActiveCfg = Release|x64
		{24FC1943-EF73-4827-B471-5F43E3E2E1E0}.Release|x64.Build.0 = Release|x64
		{24FC1943-EF73-4827-B471-5F43E3E2E1E0}.Signed|x64.ActiveCfg = Signed|x64
		{24FC1943-EF73-4827-B471-5F43E3E2E1E0}.Signed|x64.Build.0 = Signed|x64
		{CF197621-369D-49BB-988D-45A23F8CCC3E}.Debug|x64.ActiveCfg = Debug|x64
		{CF197621-369D-49BB-988D-45A23F8CCC3E}.Debug|x64.Build.0 = Debug|x64
		{CF197621-369D-49BB-988D-45A23F8CCC3E}.Release|x64.ActiveCfg = Release|x64
		{CF197621-369D-49BB-988D-45A23F8CCC3E}.Release|x64.Build.0 = Release|x64
		{CF197621-369D-49BB-988D-45A23F8CCC3E}.Signed|x64.ActiveCfg = Signed|Any CPU
		{CF197621-369D-49BB-988D-45A23F8CCC3E}.Signed|x64.Build.0 = Signed|x64
		{CF6042EA-A592-4005-8084-27A3E646D94C}.Debug|x64.ActiveCfg = Debug|x64
		{CF6042EA-A592-4005-8084-27A3E646D94C}.Debug|x64.Build.0 = Debug|x64
		{CF6042EA-A592-4005-8084-27A3E646D94C}.Release|x64.ActiveCfg = Release|x64
		{CF6042EA-A592-4005-8084-27A3E646D94C}.Release|x64.Build.0 = Release|x64
		{CF6042EA-A592-4005-8084-27A3E646D94C}.Signed|x64.ActiveCfg = Signed|x64
		{CF6042EA-A592-4005-8084-27A3E646D94C}.Signed|x64.Build.0 = Signed|x64
	EndGlobalSection
	GlobalSection(SolutionProperties) = preSolution
		HideSolutionNode = FALSE
	EndGlobalSection
	GlobalSection(ExtensibilityGlobals) = postSolution
		SolutionGuid = {6EB8B87D-74A7-4073-ACEC-F0E89D185A99}
	EndGlobalSection
EndGlobal
